
Microsoft Visual Studio Solution File, Format Version 12.00
# Visual Studio Version 17
VisualStudioVersion = 17.1.32319.34
MinimumVisualStudioVersion = 10.0.40219.1
Project("{FAE04EC0-301F-11D3-BF4B-00C04F79EFBC}") = "TenisKata", "TenisKata.csproj", "{3DE62533-7A18-4894-96CA-54556B767466}"
EndProject
Project("{FAE04EC0-301F-11D3-BF4B-00C04F79EFBC}") = "Shared", "..\Shared\Shared.csproj", "{5C46F8D4-1562-485C-98AC-C5DA4BB68623}"
EndProject
Project("{FAE04EC0-301F-11D3-BF4B-00C04F79EFBC}") = "Bussines", "..\Bussines\Bussines.csproj", "{172722BD-A2B8-4864-84CA-A71BB4ABC522}"
EndProject
Project("{FAE04EC0-301F-11D3-BF4B-00C04F79EFBC}") = "PruebasUnitarias", "..\PruebasUnitarias\PruebasUnitarias.csproj", "{F11CAEB1-F8DD-4CFE-9F58-B18D5A0E0002}"
EndProject
Global
	GlobalSection(SolutionConfigurationPlatforms) = preSolution
		Debug|Any CPU = Debug|Any CPU
		Release|Any CPU = Release|Any CPU
	EndGlobalSection
	GlobalSection(ProjectConfigurationPlatforms) = postSolution
		{3DE62533-7A18-4894-96CA-54556B767466}.Debug|Any CPU.ActiveCfg = Debug|Any CPU
		{3DE62533-7A18-4894-96CA-54556B767466}.Debug|Any CPU.Build.0 = Debug|Any CPU
		{3DE62533-7A18-4894-96CA-54556B767466}.Release|Any CPU.ActiveCfg = Release|Any CPU
		{3DE62533-7A18-4894-96CA-54556B767466}.Release|Any CPU.Build.0 = Release|Any CPU
		{5C46F8D4-1562-485C-98AC-C5DA4BB68623}.Debug|Any CPU.ActiveCfg = Debug|Any CPU
		{5C46F8D4-1562-485C-98AC-C5DA4BB68623}.Debug|Any CPU.Build.0 = Debug|Any CPU
		{5C46F8D4-1562-485C-98AC-C5DA4BB68623}.Release|Any CPU.ActiveCfg = Release|Any CPU
		{5C46F8D4-1562-485C-98AC-C5DA4BB68623}.Release|Any CPU.Build.0 = Release|Any CPU
		{172722BD-A2B8-4864-84CA-A71BB4ABC522}.Debug|Any CPU.ActiveCfg = Debug|Any CPU
		{172722BD-A2B8-4864-84CA-A71BB4ABC522}.Debug|Any CPU.Build.0 = Debug|Any CPU
		{172722BD-A2B8-4864-84CA-A71BB4ABC522}.Release|Any CPU.ActiveCfg = Release|Any CPU
		{172722BD-A2B8-4864-84CA-A71BB4ABC522}.Release|Any CPU.Build.0 = Release|Any CPU
		{F11CAEB1-F8DD-4CFE-9F58-B18D5A0E0002}.Debug|Any CPU.ActiveCfg = Debug|Any CPU
		{F11CAEB1-F8DD-4CFE-9F58-B18D5A0E0002}.Debug|Any CPU.Build.0 = Debug|Any CPU
		{F11CAEB1-F8DD-4CFE-9F58-B18D5A0E0002}.Release|Any CPU.ActiveCfg = Release|Any CPU
		{F11CAEB1-F8DD-4CFE-9F58-B18D5A0E0002}.Release|Any CPU.Build.0 = Release|Any CPU
	EndGlobalSection
	GlobalSection(SolutionProperties) = preSolution
		HideSolutionNode = FALSE
	EndGlobalSection
	GlobalSection(ExtensibilityGlobals) = postSolution
		SolutionGuid = {026E60DC-386E-478A-9248-7EEF2CAC9F0A}
	EndGlobalSection
EndGlobal
