
Microsoft Visual Studio Solution File, Format Version 12.00
# Visual Studio Version 17
VisualStudioVersion = 17.1.32319.34
MinimumVisualStudioVersion = 10.0.40219.1
Project("{FAE04EC0-301F-11D3-BF4B-00C04F79EFBC}") = "Shared", "..\Shared\Shared.csproj", "{6DE02DEE-8F91-4D5C-9677-11BADADD3615}"
EndProject
Project("{FAE04EC0-301F-11D3-BF4B-00C04F79EFBC}") = "Bussines", "..\Bussines\Bussines.csproj", "{49311265-D324-487E-A7FF-F243C206DED1}"
EndProject
Project("{FAE04EC0-301F-11D3-BF4B-00C04F79EFBC}") = "TenisKata", "TenisKata.csproj", "{5FB3FD9A-CBD2-4EDF-A0B7-28CA2537D0D1}"
EndProject
Global
	GlobalSection(SolutionConfigurationPlatforms) = preSolution
		Debug|Any CPU = Debug|Any CPU
		Release|Any CPU = Release|Any CPU
	EndGlobalSection
	GlobalSection(ProjectConfigurationPlatforms) = postSolution
		{6DE02DEE-8F91-4D5C-9677-11BADADD3615}.Debug|Any CPU.ActiveCfg = Debug|Any CPU
		{6DE02DEE-8F91-4D5C-9677-11BADADD3615}.Debug|Any CPU.Build.0 = Debug|Any CPU
		{6DE02DEE-8F91-4D5C-9677-11BADADD3615}.Release|Any CPU.ActiveCfg = Release|Any CPU
		{6DE02DEE-8F91-4D5C-9677-11BADADD3615}.Release|Any CPU.Build.0 = Release|Any CPU
		{49311265-D324-487E-A7FF-F243C206DED1}.Debug|Any CPU.ActiveCfg = Debug|Any CPU
		{49311265-D324-487E-A7FF-F243C206DED1}.Debug|Any CPU.Build.0 = Debug|Any CPU
		{49311265-D324-487E-A7FF-F243C206DED1}.Release|Any CPU.ActiveCfg = Release|Any CPU
		{49311265-D324-487E-A7FF-F243C206DED1}.Release|Any CPU.Build.0 = Release|Any CPU
		{5FB3FD9A-CBD2-4EDF-A0B7-28CA2537D0D1}.Debug|Any CPU.ActiveCfg = Debug|Any CPU
		{5FB3FD9A-CBD2-4EDF-A0B7-28CA2537D0D1}.Debug|Any CPU.Build.0 = Debug|Any CPU
		{5FB3FD9A-CBD2-4EDF-A0B7-28CA2537D0D1}.Release|Any CPU.ActiveCfg = Release|Any CPU
		{5FB3FD9A-CBD2-4EDF-A0B7-28CA2537D0D1}.Release|Any CPU.Build.0 = Release|Any CPU
	EndGlobalSection
	GlobalSection(SolutionProperties) = preSolution
		HideSolutionNode = FALSE
	EndGlobalSection
	GlobalSection(ExtensibilityGlobals) = postSolution
		SolutionGuid = {E0A7CF74-A9D8-4D55-BAF5-2EF078622492}
	EndGlobalSection
EndGlobal
